
Microsoft Visual Studio Solution File, Format Version 12.00
# Visual Studio Version 16
VisualStudioVersion = 16.0.29025.244
MinimumVisualStudioVersion = 10.0.40219.1
Project("{9A19103F-16F7-4668-BE54-9A1E7A4F7556}") = "Hive.Primitives", "Hive.Primitives.csproj", "{740677DC-A56D-433E-8EB1-4788AE3E1800}"
EndProject
Global
	GlobalSection(SolutionConfigurationPlatforms) = preSolution
		Debug|Any CPU = Debug|Any CPU
		Release|Any CPU = Release|Any CPU
	EndGlobalSection
	GlobalSection(ProjectConfigurationPlatforms) = postSolution
		{740677DC-A56D-433E-8EB1-4788AE3E1800}.Debug|Any CPU.ActiveCfg = Debug|Any CPU
		{740677DC-A56D-433E-8EB1-4788AE3E1800}.Debug|Any CPU.Build.0 = Debug|Any CPU
		{740677DC-A56D-433E-8EB1-4788AE3E1800}.Release|Any CPU.ActiveCfg = Release|Any CPU
		{740677DC-A56D-433E-8EB1-4788AE3E1800}.Release|Any CPU.Build.0 = Release|Any CPU
	EndGlobalSection
	GlobalSection(SolutionProperties) = preSolution
		HideSolutionNode = FALSE
	EndGlobalSection
	GlobalSection(ExtensibilityGlobals) = postSolution
		SolutionGuid = {372AE349-9258-4493-9A1A-65C6ECA6B119}
	EndGlobalSection
EndGlobal
